
Microsoft Visual Studio Solution File, Format Version 12.00
# Visual Studio Version 17
VisualStudioVersion = 17.4.33103.184
MinimumVisualStudioVersion = 10.0.40219.1
Project("{FAE04EC0-301F-11D3-BF4B-00C04F79EFBC}") = "CourseProject2022FallBL", "CourseProject2022FallBL\CourseProject2022FallBL.csproj", "{9BFC2773-F704-4118-9DD5-E887B854CBF1}"
EndProject
Project("{FAE04EC0-301F-11D3-BF4B-00C04F79EFBC}") = "CourseProject2022FallConsole", "CourseProject2022FallConsole\CourseProject2022FallConsole.csproj", "{8FBC99A5-24D2-49F8-8EC4-E1F37AF5FAF6}"
EndProject
Project("{FAE04EC0-301F-11D3-BF4B-00C04F79EFBC}") = "CourseProject2022FallWPF", "CourseProject2022FallWPF\CourseProject2022FallWPF.csproj", "{EAAC0A3A-4B9F-4737-94CE-7BE6126CA86B}"
EndProject
Global
	GlobalSection(SolutionConfigurationPlatforms) = preSolution
		Debug|Any CPU = Debug|Any CPU
		Release|Any CPU = Release|Any CPU
	EndGlobalSection
	GlobalSection(ProjectConfigurationPlatforms) = postSolution
		{9BFC2773-F704-4118-9DD5-E887B854CBF1}.Debug|Any CPU.ActiveCfg = Debug|Any CPU
		{9BFC2773-F704-4118-9DD5-E887B854CBF1}.Debug|Any CPU.Build.0 = Debug|Any CPU
		{9BFC2773-F704-4118-9DD5-E887B854CBF1}.Release|Any CPU.ActiveCfg = Release|Any CPU
		{9BFC2773-F704-4118-9DD5-E887B854CBF1}.Release|Any CPU.Build.0 = Release|Any CPU
		{8FBC99A5-24D2-49F8-8EC4-E1F37AF5FAF6}.Debug|Any CPU.ActiveCfg = Debug|Any CPU
		{8FBC99A5-24D2-49F8-8EC4-E1F37AF5FAF6}.Debug|Any CPU.Build.0 = Debug|Any CPU
		{8FBC99A5-24D2-49F8-8EC4-E1F37AF5FAF6}.Release|Any CPU.ActiveCfg = Release|Any CPU
		{8FBC99A5-24D2-49F8-8EC4-E1F37AF5FAF6}.Release|Any CPU.Build.0 = Release|Any CPU
		{EAAC0A3A-4B9F-4737-94CE-7BE6126CA86B}.Debug|Any CPU.ActiveCfg = Debug|Any CPU
		{EAAC0A3A-4B9F-4737-94CE-7BE6126CA86B}.Debug|Any CPU.Build.0 = Debug|Any CPU
		{EAAC0A3A-4B9F-4737-94CE-7BE6126CA86B}.Release|Any CPU.ActiveCfg = Release|Any CPU
		{EAAC0A3A-4B9F-4737-94CE-7BE6126CA86B}.Release|Any CPU.Build.0 = Release|Any CPU
	EndGlobalSection
	GlobalSection(SolutionProperties) = preSolution
		HideSolutionNode = FALSE
	EndGlobalSection
	GlobalSection(ExtensibilityGlobals) = postSolution
		SolutionGuid = {D4D5D055-0A59-4A5E-8A81-C633121900E9}
	EndGlobalSection
EndGlobal
